{
  "name": "churchyear",
  "version": "1.0.0",
  "lockfileVersion": 2,
  "requires": true,
  "packages": {
    "": {
      "name": "churchyear",
      "version": "1.0.0",
      "license": "ISC",
      "dependencies": {
        "computus": "^1.0.5",
        "lodash": "^4.17.21",
        "lodash-es": "^4.17.21",
        "luxon": "^2.2.0",
        "moment": "^2.29.1"
      }
    },
    "node_modules/computus": {
      "version": "1.0.5",
      "resolved": "https://registry.npmjs.org/computus/-/computus-1.0.5.tgz",
      "integrity": "sha512-4SMU1wJa9oxtlskD9FT7DEgAvaDUFV2SUtspmmUNiUeBin67GbVclkzgxrk/dTZxVlyGAjBy+y6apIi5PtMvKA=="
    },
    "node_modules/lodash": {
      "version": "4.17.21",
      "resolved": "https://registry.npmjs.org/lodash/-/lodash-4.17.21.tgz",
      "integrity": "sha512-v2kDEe57lecTulaDIuNTPy3Ry4gLGJ6Z1O3vE1krgXZNrsQ+LFTGHVxVjcXPs17LhbZVGedAJv8XZ1tvj5FvSg=="
    },
    "node_modules/lodash-es": {
      "version": "4.17.21",
      "resolved": "https://registry.npmjs.org/lodash-es/-/lodash-es-4.17.21.tgz",
      "integrity": "sha512-mKnC+QJ9pWVzv+C4/U3rRsHapFfHvQFoFB92e52xeyGMcX6/OlIl78je1u8vePzYZSkkogMPJ2yjxxsb89cxyw=="
    },
    "node_modules/luxon": {
      "version": "2.2.0",
      "resolved": "https://registry.npmjs.org/luxon/-/luxon-2.2.0.tgz",
      "integrity": "sha512-LwmknessH4jVIseCsizUgveIHwlLv/RQZWC2uDSMfGJs7w8faPUi2JFxfyfMcTPrpNbChTem3Uz6IKRtn+LcIA==",
      "engines": {
        "node": ">=12"
      }
    },
    "node_modules/moment": {
      "version": "2.29.1",
      "resolved": "https://registry.npmjs.org/moment/-/moment-2.29.1.tgz",
      "integrity": "sha512-kHmoybcPV8Sqy59DwNDY3Jefr64lK/by/da0ViFcuA4DH0vQg5Q6Ze5VimxkfQNSC+Mls/Kx53s7TjP1RhFEDQ==",
      "engines": {
        "node": "*"
      }
    }
  },
  "dependencies": {
    "computus": {
      "version": "1.0.5",
      "resolved": "https://registry.npmjs.org/computus/-/computus-1.0.5.tgz",
      "integrity": "sha512-4SMU1wJa9oxtlskD9FT7DEgAvaDUFV2SUtspmmUNiUeBin67GbVclkzgxrk/dTZxVlyGAjBy+y6apIi5PtMvKA=="
    },
    "lodash": {
      "version": "4.17.21",
      "resolved": "https://registry.npmjs.org/lodash/-/lodash-4.17.21.tgz",
      "integrity": "sha512-v2kDEe57lecTulaDIuNTPy3Ry4gLGJ6Z1O3vE1krgXZNrsQ+LFTGHVxVjcXPs17LhbZVGedAJv8XZ1tvj5FvSg=="
    },
    "lodash-es": {
      "version": "4.17.21",
      "resolved": "https://registry.npmjs.org/lodash-es/-/lodash-es-4.17.21.tgz",
      "integrity": "sha512-mKnC+QJ9pWVzv+C4/U3rRsHapFfHvQFoFB92e52xeyGMcX6/OlIl78je1u8vePzYZSkkogMPJ2yjxxsb89cxyw=="
    },
    "luxon": {
      "version": "2.2.0",
      "resolved": "https://registry.npmjs.org/luxon/-/luxon-2.2.0.tgz",
      "integrity": "sha512-LwmknessH4jVIseCsizUgveIHwlLv/RQZWC2uDSMfGJs7w8faPUi2JFxfyfMcTPrpNbChTem3Uz6IKRtn+LcIA=="
    },
    "moment": {
      "version": "2.29.1",
      "resolved": "https://registry.npmjs.org/moment/-/moment-2.29.1.tgz",
      "integrity": "sha512-kHmoybcPV8Sqy59DwNDY3Jefr64lK/by/da0ViFcuA4DH0vQg5Q6Ze5VimxkfQNSC+Mls/Kx53s7TjP1RhFEDQ=="
    }
  }
}
