{
  "name": "church-year",
  "version": "0.2.33",
  "lockfileVersion": 2,
  "requires": true,
  "packages": {
    "": {
      "name": "church-year",
      "version": "0.2.33",
      "license": "ISC",
      "dependencies": {
        "computus": "^1.0.5",
        "luxon": "^2.2.0"
      }
    },
    "node_modules/computus": {
      "version": "1.0.5",
      "resolved": "https://registry.npmjs.org/computus/-/computus-1.0.5.tgz",
      "integrity": "sha512-4SMU1wJa9oxtlskD9FT7DEgAvaDUFV2SUtspmmUNiUeBin67GbVclkzgxrk/dTZxVlyGAjBy+y6apIi5PtMvKA=="
    },
    "node_modules/luxon": {
      "version": "2.2.0",
      "resolved": "https://registry.npmjs.org/luxon/-/luxon-2.2.0.tgz",
      "integrity": "sha512-LwmknessH4jVIseCsizUgveIHwlLv/RQZWC2uDSMfGJs7w8faPUi2JFxfyfMcTPrpNbChTem3Uz6IKRtn+LcIA==",
      "engines": {
        "node": ">=12"
      }
    }
  },
  "dependencies": {
    "computus": {
      "version": "1.0.5",
      "resolved": "https://registry.npmjs.org/computus/-/computus-1.0.5.tgz",
      "integrity": "sha512-4SMU1wJa9oxtlskD9FT7DEgAvaDUFV2SUtspmmUNiUeBin67GbVclkzgxrk/dTZxVlyGAjBy+y6apIi5PtMvKA=="
    },
    "luxon": {
      "version": "2.2.0",
      "resolved": "https://registry.npmjs.org/luxon/-/luxon-2.2.0.tgz",
      "integrity": "sha512-LwmknessH4jVIseCsizUgveIHwlLv/RQZWC2uDSMfGJs7w8faPUi2JFxfyfMcTPrpNbChTem3Uz6IKRtn+LcIA=="
    }
  }
}
